
Microsoft Visual Studio Solution File, Format Version 12.00
# Visual Studio 15
VisualStudioVersion = 15.0.27703.2026
MinimumVisualStudioVersion = 10.0.40219.1
Project("{E53339B2-1760-4266-BCC7-CA923CBCF16C}") = "docker-compose", "docker-compose.dcproj", "{127F0F93-5941-42AB-87B4-55D8F267D1C4}"
EndProject
Project("{2150E333-8FDC-42A3-9474-1A3956D46DE8}") = "Identity", "Identity", "{F88821A9-0540-41D4-9164-F2E6FABCA4FB}"
EndProject
Project("{2150E333-8FDC-42A3-9474-1A3956D46DE8}") = "Stock", "Stock", "{BEAFE93F-AAE1-4863-8B0E-96B4A907EF97}"
EndProject
Project("{9A19103F-16F7-4668-BE54-9A1E7A4F7556}") = "MicroBolt.Stock.Data", "MicroBolt.Stock.Data\MicroBolt.Stock.Data.csproj", "{63603189-2794-4E97-9B88-DE668C714296}"
EndProject
Project("{9A19103F-16F7-4668-BE54-9A1E7A4F7556}") = "MicroBolt.Stock.Dto", "MicroBolt.Stock.Dto\MicroBolt.Stock.Dto.csproj", "{45C417DF-4932-4408-BF73-DA07767AB2F4}"
EndProject
Project("{9A19103F-16F7-4668-BE54-9A1E7A4F7556}") = "MicroBolt.Stock.Services", "MicroBolt.Stock.Services\MicroBolt.Stock.Services.csproj", "{F70F2C23-28DF-4088-83D5-592EE9442C11}"
EndProject
Project("{9A19103F-16F7-4668-BE54-9A1E7A4F7556}") = "MicroBolt.Stock.Services.Contracts", "MicroBolt.Stock.Services.Contracts\MicroBolt.Stock.Services.Contracts.csproj", "{8FCFFE25-0956-4057-A6E3-505D5F7A9D36}"
EndProject
Project("{9A19103F-16F7-4668-BE54-9A1E7A4F7556}") = "MicroBolt.Stock.Web", "MicroBolt.Stock.Web\MicroBolt.Stock.Web.csproj", "{5052EE40-C421-447C-9FF0-357496849C67}"
EndProject
Project("{9A19103F-16F7-4668-BE54-9A1E7A4F7556}") = "MicroBolt.Stock.Models", "MicroBolt.Stock.Models\MicroBolt.Stock.Models.csproj", "{51C4693E-6A15-4584-A72E-D15D49686624}"
EndProject
Project("{9A19103F-16F7-4668-BE54-9A1E7A4F7556}") = "MicroBolt.Stock.Data.Contracts", "MicroBolt.Stock.Data.Contracts\MicroBolt.Stock.Data.Contracts.csproj", "{0E1BEF9F-75D7-4294-824B-DAA6B8E6814A}"
EndProject
Project("{9A19103F-16F7-4668-BE54-9A1E7A4F7556}") = "MicroBolt.Stock.IoC", "MicroBolt.Stock.IoC\MicroBolt.Stock.IoC.csproj", "{A8862739-573C-476C-B34B-1DA42F372AEA}"
EndProject
Project("{9A19103F-16F7-4668-BE54-9A1E7A4F7556}") = "MicroBolt.Identity.Web", "MicroBolt.Identity.Web\MicroBolt.Identity.Web.csproj", "{B7B13F11-33E2-4AE5-92BC-96CE839F1C12}"
EndProject
Project("{2150E333-8FDC-42A3-9474-1A3956D46DE8}") = "Clients", "Clients", "{90C53D55-7317-4E3D-B5E6-75C95E4659FE}"
EndProject
Project("{9A19103F-16F7-4668-BE54-9A1E7A4F7556}") = "MicroBolt.Clients.Web", "MicroBolt.Clients.Web\MicroBolt.Clients.Web.csproj", "{DD374D17-D6B9-4760-A35C-2908287DE65D}"
EndProject
Project("{FAE04EC0-301F-11D3-BF4B-00C04F79EFBC}") = "MicroBolt.Clients.Services", "..\MicroBolt.Clients.Services\MicroBolt.Clients.Services.csproj", "{EF9F2EBB-2CA9-4714-9DD3-FC906FBBF4AE}"
EndProject
Project("{FAE04EC0-301F-11D3-BF4B-00C04F79EFBC}") = "MicroBolt.Clients.Models", "MicroBolt.Clients.Models\MicroBolt.Clients.Models.csproj", "{CDE99928-4DDE-4EFA-8DA7-35685594C087}"
EndProject
Global
	GlobalSection(SolutionConfigurationPlatforms) = preSolution
		Debug|Any CPU = Debug|Any CPU
		Release|Any CPU = Release|Any CPU
	EndGlobalSection
	GlobalSection(ProjectConfigurationPlatforms) = postSolution
		{127F0F93-5941-42AB-87B4-55D8F267D1C4}.Debug|Any CPU.ActiveCfg = Debug|Any CPU
		{127F0F93-5941-42AB-87B4-55D8F267D1C4}.Debug|Any CPU.Build.0 = Debug|Any CPU
		{127F0F93-5941-42AB-87B4-55D8F267D1C4}.Release|Any CPU.ActiveCfg = Release|Any CPU
		{127F0F93-5941-42AB-87B4-55D8F267D1C4}.Release|Any CPU.Build.0 = Release|Any CPU
		{63603189-2794-4E97-9B88-DE668C714296}.Debug|Any CPU.ActiveCfg = Debug|Any CPU
		{63603189-2794-4E97-9B88-DE668C714296}.Debug|Any CPU.Build.0 = Debug|Any CPU
		{63603189-2794-4E97-9B88-DE668C714296}.Release|Any CPU.ActiveCfg = Release|Any CPU
		{63603189-2794-4E97-9B88-DE668C714296}.Release|Any CPU.Build.0 = Release|Any CPU
		{45C417DF-4932-4408-BF73-DA07767AB2F4}.Debug|Any CPU.ActiveCfg = Debug|Any CPU
		{45C417DF-4932-4408-BF73-DA07767AB2F4}.Debug|Any CPU.Build.0 = Debug|Any CPU
		{45C417DF-4932-4408-BF73-DA07767AB2F4}.Release|Any CPU.ActiveCfg = Release|Any CPU
		{45C417DF-4932-4408-BF73-DA07767AB2F4}.Release|Any CPU.Build.0 = Release|Any CPU
		{F70F2C23-28DF-4088-83D5-592EE9442C11}.Debug|Any CPU.ActiveCfg = Debug|Any CPU
		{F70F2C23-28DF-4088-83D5-592EE9442C11}.Debug|Any CPU.Build.0 = Debug|Any CPU
		{F70F2C23-28DF-4088-83D5-592EE9442C11}.Release|Any CPU.ActiveCfg = Release|Any CPU
		{F70F2C23-28DF-4088-83D5-592EE9442C11}.Release|Any CPU.Build.0 = Release|Any CPU
		{8FCFFE25-0956-4057-A6E3-505D5F7A9D36}.Debug|Any CPU.ActiveCfg = Debug|Any CPU
		{8FCFFE25-0956-4057-A6E3-505D5F7A9D36}.Debug|Any CPU.Build.0 = Debug|Any CPU
		{8FCFFE25-0956-4057-A6E3-505D5F7A9D36}.Release|Any CPU.ActiveCfg = Release|Any CPU
		{8FCFFE25-0956-4057-A6E3-505D5F7A9D36}.Release|Any CPU.Build.0 = Release|Any CPU
		{5052EE40-C421-447C-9FF0-357496849C67}.Debug|Any CPU.ActiveCfg = Debug|Any CPU
		{5052EE40-C421-447C-9FF0-357496849C67}.Debug|Any CPU.Build.0 = Debug|Any CPU
		{5052EE40-C421-447C-9FF0-357496849C67}.Release|Any CPU.ActiveCfg = Release|Any CPU
		{5052EE40-C421-447C-9FF0-357496849C67}.Release|Any CPU.Build.0 = Release|Any CPU
		{51C4693E-6A15-4584-A72E-D15D49686624}.Debug|Any CPU.ActiveCfg = Debug|Any CPU
		{51C4693E-6A15-4584-A72E-D15D49686624}.Debug|Any CPU.Build.0 = Debug|Any CPU
		{51C4693E-6A15-4584-A72E-D15D49686624}.Release|Any CPU.ActiveCfg = Release|Any CPU
		{51C4693E-6A15-4584-A72E-D15D49686624}.Release|Any CPU.Build.0 = Release|Any CPU
		{0E1BEF9F-75D7-4294-824B-DAA6B8E6814A}.Debug|Any CPU.ActiveCfg = Debug|Any CPU
		{0E1BEF9F-75D7-4294-824B-DAA6B8E6814A}.Debug|Any CPU.Build.0 = Debug|Any CPU
		{0E1BEF9F-75D7-4294-824B-DAA6B8E6814A}.Release|Any CPU.ActiveCfg = Release|Any CPU
		{0E1BEF9F-75D7-4294-824B-DAA6B8E6814A}.Release|Any CPU.Build.0 = Release|Any CPU
		{A8862739-573C-476C-B34B-1DA42F372AEA}.Debug|Any CPU.ActiveCfg = Debug|Any CPU
		{A8862739-573C-476C-B34B-1DA42F372AEA}.Debug|Any CPU.Build.0 = Debug|Any CPU
		{A8862739-573C-476C-B34B-1DA42F372AEA}.Release|Any CPU.ActiveCfg = Release|Any CPU
		{A8862739-573C-476C-B34B-1DA42F372AEA}.Release|Any CPU.Build.0 = Release|Any CPU
		{B7B13F11-33E2-4AE5-92BC-96CE839F1C12}.Debug|Any CPU.ActiveCfg = Debug|Any CPU
		{B7B13F11-33E2-4AE5-92BC-96CE839F1C12}.Debug|Any CPU.Build.0 = Debug|Any CPU
		{B7B13F11-33E2-4AE5-92BC-96CE839F1C12}.Release|Any CPU.ActiveCfg = Release|Any CPU
		{B7B13F11-33E2-4AE5-92BC-96CE839F1C12}.Release|Any CPU.Build.0 = Release|Any CPU
		{DD374D17-D6B9-4760-A35C-2908287DE65D}.Debug|Any CPU.ActiveCfg = Debug|Any CPU
		{DD374D17-D6B9-4760-A35C-2908287DE65D}.Debug|Any CPU.Build.0 = Debug|Any CPU
		{DD374D17-D6B9-4760-A35C-2908287DE65D}.Release|Any CPU.ActiveCfg = Release|Any CPU
		{DD374D17-D6B9-4760-A35C-2908287DE65D}.Release|Any CPU.Build.0 = Release|Any CPU
		{EF9F2EBB-2CA9-4714-9DD3-FC906FBBF4AE}.Debug|Any CPU.ActiveCfg = Debug|Any CPU
		{EF9F2EBB-2CA9-4714-9DD3-FC906FBBF4AE}.Debug|Any CPU.Build.0 = Debug|Any CPU
		{EF9F2EBB-2CA9-4714-9DD3-FC906FBBF4AE}.Release|Any CPU.ActiveCfg = Release|Any CPU
		{EF9F2EBB-2CA9-4714-9DD3-FC906FBBF4AE}.Release|Any CPU.Build.0 = Release|Any CPU
		{CDE99928-4DDE-4EFA-8DA7-35685594C087}.Debug|Any CPU.ActiveCfg = Debug|Any CPU
		{CDE99928-4DDE-4EFA-8DA7-35685594C087}.Debug|Any CPU.Build.0 = Debug|Any CPU
		{CDE99928-4DDE-4EFA-8DA7-35685594C087}.Release|Any CPU.ActiveCfg = Release|Any CPU
		{CDE99928-4DDE-4EFA-8DA7-35685594C087}.Release|Any CPU.Build.0 = Release|Any CPU
	EndGlobalSection
	GlobalSection(SolutionProperties) = preSolution
		HideSolutionNode = FALSE
	EndGlobalSection
	GlobalSection(NestedProjects) = preSolution
		{63603189-2794-4E97-9B88-DE668C714296} = {BEAFE93F-AAE1-4863-8B0E-96B4A907EF97}
		{45C417DF-4932-4408-BF73-DA07767AB2F4} = {BEAFE93F-AAE1-4863-8B0E-96B4A907EF97}
		{F70F2C23-28DF-4088-83D5-592EE9442C11} = {BEAFE93F-AAE1-4863-8B0E-96B4A907EF97}
		{8FCFFE25-0956-4057-A6E3-505D5F7A9D36} = {BEAFE93F-AAE1-4863-8B0E-96B4A907EF97}
		{5052EE40-C421-447C-9FF0-357496849C67} = {BEAFE93F-AAE1-4863-8B0E-96B4A907EF97}
		{51C4693E-6A15-4584-A72E-D15D49686624} = {BEAFE93F-AAE1-4863-8B0E-96B4A907EF97}
		{0E1BEF9F-75D7-4294-824B-DAA6B8E6814A} = {BEAFE93F-AAE1-4863-8B0E-96B4A907EF97}
		{A8862739-573C-476C-B34B-1DA42F372AEA} = {BEAFE93F-AAE1-4863-8B0E-96B4A907EF97}
		{B7B13F11-33E2-4AE5-92BC-96CE839F1C12} = {F88821A9-0540-41D4-9164-F2E6FABCA4FB}
		{DD374D17-D6B9-4760-A35C-2908287DE65D} = {90C53D55-7317-4E3D-B5E6-75C95E4659FE}
		{EF9F2EBB-2CA9-4714-9DD3-FC906FBBF4AE} = {90C53D55-7317-4E3D-B5E6-75C95E4659FE}
		{CDE99928-4DDE-4EFA-8DA7-35685594C087} = {90C53D55-7317-4E3D-B5E6-75C95E4659FE}
	EndGlobalSection
	GlobalSection(ExtensibilityGlobals) = postSolution
		SolutionGuid = {C0590CEB-5F75-4241-BE51-658F65F42D03}
	EndGlobalSection
EndGlobal
